// !$*UTF8*$!
{
	archiveVersion = 1;
	classes = {
	};
	objectVersion = 50;
	objects = {

/* Begin PBXBuildFile section */
		C607866D22D3510100D810FF /* AppDelegate.m in Sources */ = {isa = PBXBuildFile; fileRef = C607866C22D3510100D810FF /* AppDelegate.m */; };
		C607867022D3510100D810FF /* ViewController.m in Sources */ = {isa = PBXBuildFile; fileRef = C607866F22D3510100D810FF /* ViewController.m */; };
		C607867322D3510100D810FF /* Main.storyboard in Resources */ = {isa = PBXBuildFile; fileRef = C607867122D3510100D810FF /* Main.storyboard */; };
		C607867522D3510200D810FF /* Assets.xcassets in Resources */ = {isa = PBXBuildFile; fileRef = C607867422D3510200D810FF /* Assets.xcassets */; };
		C607867822D3510200D810FF /* LaunchScreen.storyboard in Resources */ = {isa = PBXBuildFile; fileRef = C607867622D3510200D810FF /* LaunchScreen.storyboard */; };
		C607867B22D3510200D810FF /* main.m in Sources */ = {isa = PBXBuildFile; fileRef = C607867A22D3510200D810FF /* main.m */; };
		C607868322D354D000D810FF /* NSURL+url.m in Sources */ = {isa = PBXBuildFile; fileRef = C607868222D354D000D810FF /* NSURL+url.m */; };
/* End PBXBuildFile section */

/* Begin PBXFileReference section */
		C607866822D3510100D810FF /* MethodChange.app */ = {isa = PBXFileReference; explicitFileType = wrapper.application; includeInIndex = 0; path = MethodChange.app; sourceTree = BUILT_PRODUCTS_DIR; };
		C607866B22D3510100D810FF /* AppDelegate.h */ = {isa = PBXFileReference; lastKnownFileType = sourcecode.c.h; path = AppDelegate.h; sourceTree = "<group>"; };
		C607866C22D3510100D810FF /* AppDelegate.m */ = {isa = PBXFileReference; lastKnownFileType = sourcecode.c.objc; path = AppDelegate.m; sourceTree = "<group>"; };
		C607866E22D3510100D810FF /* ViewController.h */ = {isa = PBXFileReference; lastKnownFileType = sourcecode.c.h; path = ViewController.h; sourceTree = "<group>"; };
		C607866F22D3510100D810FF /* ViewController.m */ = {isa = PBXFileReference; lastKnownFileType = sourcecode.c.objc; path = ViewController.m; sourceTree = "<group>"; };
		C607867222D3510100D810FF /* Base */ = {isa = PBXFileReference; lastKnownFileType = file.storyboard; name = Base; path = Base.lproj/Main.storyboard; sourceTree = "<group>"; };
		C607867422D3510200D810FF /* Assets.xcassets */ = {isa = PBXFileReference; lastKnownFileType = folder.assetcatalog; path = Assets.xcassets; sourceTree = "<group>"; };
		C607867722D3510200D810FF /* Base */ = {isa = PBXFileReference; lastKnownFileType = file.storyboard; name = Base; path = Base.lproj/LaunchScreen.storyboard; sourceTree = "<group>"; };
		C607867922D3510200D810FF /* Info.plist */ = {isa = PBXFileReference; lastKnownFileType = text.plist.xml; path = Info.plist; sourceTree = "<group>"; };
		C607867A22D3510200D810FF /* main.m */ = {isa = PBXFileReference; lastKnownFileType = sourcecode.c.objc; path = main.m; sourceTree = "<group>"; };
		C607868122D354D000D810FF /* NSURL+url.h */ = {isa = PBXFileReference; lastKnownFileType = sourcecode.c.h; path = "NSURL+url.h"; sourceTree = "<group>"; };
		C607868222D354D000D810FF /* NSURL+url.m */ = {isa = PBXFileReference; lastKnownFileType = sourcecode.c.objc; path = "NSURL+url.m"; sourceTree = "<group>"; };
/* End PBXFileReference section */

/* Begin PBXFrameworksBuildPhase section */
		C607866522D3510100D810FF /* Frameworks */ = {
			isa = PBXFrameworksBuildPhase;
			buildActionMask = 2147483647;
			files = (
			);
			runOnlyForDeploymentPostprocessing = 0;
		};
/* End PBXFrameworksBuildPhase section */

/* Begin PBXGroup section */
		C607865F22D3510100D810FF = {
			isa = PBXGroup;
			children = (
				C607866A22D3510100D810FF /* MethodChange */,
				C607866922D3510100D810FF /* Products */,
			);
			sourceTree = "<group>";
		};
		C607866922D3510100D810FF /* Products */ = {
			isa = PBXGroup;
			children = (
				C607866822D3510100D810FF /* MethodChange.app */,
			);
			name = Products;
			sourceTree = "<group>";
		};
		C607866A22D3510100D810FF /* MethodChange */ = {
			isa = PBXGroup;
			children = (
				C607866B22D3510100D810FF /* AppDelegate.h */,
				C607866C22D3510100D810FF /* AppDelegate.m */,
				C607866E22D3510100D810FF /* ViewController.h */,
				C607866F22D3510100D810FF /* ViewController.m */,
				C607868122D354D000D810FF /* NSURL+url.h */,
				C607868222D354D000D810FF /* NSURL+url.m */,
				C607867122D3510100D810FF /* Main.storyboard */,
				C607867422D3510200D810FF /* Assets.xcassets */,
				C607867622D3510200D810FF /* LaunchScreen.storyboard */,
				C607867922D3510200D810FF /* Info.plist */,
				C607867A22D3510200D810FF /* main.m */,
			);
			path = MethodChange;
			sourceTree = "<group>";
		};
/* End PBXGroup section */

/* Begin PBXNativeTarget section */
		C607866722D3510100D810FF /* MethodChange */ = {
			isa = PBXNativeTarget;
			buildConfigurationList = C607867E22D3510200D810FF /* Build configuration list for PBXNativeTarget "MethodChange" */;
			buildPhases = (
				C607866422D3510100D810FF /* Sources */,
				C607866522D3510100D810FF /* Frameworks */,
				C607866622D3510100D810FF /* Resources */,
			);
			buildRules = (
			);
			dependencies = (
			);
			name = MethodChange;
			productName = MethodChange;
			productReference = C607866822D3510100D810FF /* MethodChange.app */;
			productType = "com.apple.product-type.application";
		};
/* End PBXNativeTarget section */

/* Begin PBXProject section */
		C607866022D3510100D810FF /* Project object */ = {
			isa = PBXProject;
			attributes = {
				LastUpgradeCheck = 1020;
				ORGANIZATIONNAME = "WingChing Yip";
				TargetAttributes = {
					C607866722D3510100D810FF = {
						CreatedOnToolsVersion = 10.2.1;
					};
				};
			};
			buildConfigurationList = C607866322D3510100D810FF /* Build configuration list for PBXProject "MethodChange" */;
			compatibilityVersion = "Xcode 9.3";
			developmentRegion = en;
			hasScannedForEncodings = 0;
			knownRegions = (
				en,
				Base,
			);
			mainGroup = C607865F22D3510100D810FF;
			productRefGroup = C607866922D3510100D810FF /* Products */;
			projectDirPath = "";
			projectRoot = "";
			targets = (
				C607866722D3510100D810FF /* MethodChange */,
			);
		};
/* End PBXProject section */

/* Begin PBXResourcesBuildPhase section */
		C607866622D3510100D810FF /* Resources */ = {
			isa = PBXResourcesBuildPhase;
			buildActionMask = 2147483647;
			files = (
				C607867822D3510200D810FF /* LaunchScreen.storyboard in Resources */,
				C607867522D3510200D810FF /* Assets.xcassets in Resources */,
				C607867322D3510100D810FF /* Main.storyboard in Resources */,
			);
			runOnlyForDeploymentPostprocessing = 0;
		};
/* End PBXResourcesBuildPhase section */

/* Begin PBXSourcesBuildPhase section */
		C607866422D3510100D810FF /* Sources */ = {
			isa = PBXSourcesBuildPhase;
			buildActionMask = 2147483647;
			files = (
				C607868322D354D000D810FF /* NSURL+url.m in Sources */,
				C607867022D3510100D810FF /* ViewController.m in Sources */,
				C607867B22D3510200D810FF /* main.m in Sources */,
				C607866D22D3510100D810FF /* AppDelegate.m in Sources */,
			);
			runOnlyForDeploymentPostprocessing = 0;
		};
/* End PBXSourcesBuildPhase section */

/* Begin PBXVariantGroup section */
		C607867122D3510100D810FF /* Main.storyboard */ = {
			isa = PBXVariantGroup;
			children = (
				C607867222D3510100D810FF /* Base */,
			);
			name = Main.storyboard;
			sourceTree = "<group>";
		};
		C607867622D3510200D810FF /* LaunchScreen.storyboard */ = {
			isa = PBXVariantGroup;
			children = (
				C607867722D3510200D810FF /* Base */,
			);
			name = LaunchScreen.storyboard;
			sourceTree = "<group>";
		};
/* End PBXVariantGroup section */

/* Begin XCBuildConfiguration section */
		C607867C22D3510200D810FF /* Debug */ = {
			isa = XCBuildConfiguration;
			buildSettings = {
				ALWAYS_SEARCH_USER_PATHS = NO;
				CLANG_ANALYZER_NONNULL = YES;
				CLANG_ANALYZER_NUMBER_OBJECT_CONVERSION = YES_AGGRESSIVE;
				CLANG_CXX_LANGUAGE_STANDARD = "gnu++14";
				CLANG_CXX_LIBRARY = "libc++";
				CLANG_ENABLE_MODULES = YES;
				CLANG_ENABLE_OBJC_ARC = YES;
				CLANG_ENABLE_OBJC_WEAK = YES;
				CLANG_WARN_BLOCK_CAPTURE_AUTORELEASING = YES;
				CLANG_WARN_BOOL_CONVERSION = YES;
				CLANG_WARN_COMMA = YES;
				CLANG_WARN_CONSTANT_CONVERSION = YES;
				CLANG_WARN_DEPRECATED_OBJC_IMPLEMENTATIONS = YES;
				CLANG_WARN_DIRECT_OBJC_ISA_USAGE = YES_ERROR;
				CLANG_WARN_DOCUMENTATION_COMMENTS = YES;
				CLANG_WARN_EMPTY_BODY = YES;
				CLANG_WARN_ENUM_CONVERSION = YES;
				CLANG_WARN_INFINITE_RECURSION = YES;
				CLANG_WARN_INT_CONVERSION = YES;
				CLANG_WARN_NON_LITERAL_NULL_CONVERSION = YES;
				CLANG_WARN_OBJC_IMPLICIT_RETAIN_SELF = YES;
				CLANG_WARN_OBJC_LITERAL_CONVERSION = YES;
				CLANG_WARN_OBJC_ROOT_CLASS = YES_ERROR;
				CLANG_WARN_RANGE_LOOP_ANALYSIS = YES;
				CLANG_WARN_STRICT_PROTOTYPES = YES;
				CLANG_WARN_SUSPICIOUS_MOVE = YES;
				CLANG_WARN_UNGUARDED_AVAILABILITY = YES_AGGRESSIVE;
				CLANG_WARN_UNREACHABLE_CODE = YES;
				CLANG_WARN__DUPLICATE_METHOD_MATCH = YES;
				CODE_SIGN_IDENTITY = "iPhone Developer";
				COPY_PHASE_STRIP = NO;
				DEBUG_INFORMATION_FORMAT = dwarf;
				ENABLE_STRICT_OBJC_MSGSEND = YES;
				ENABLE_TESTABILITY = YES;
				GCC_C_LANGUAGE_STANDARD = gnu11;
				GCC_DYNAMIC_NO_PIC = NO;
				GCC_NO_COMMON_BLOCKS = YES;
				GCC_OPTIMIZATION_LEVEL = 0;
				GCC_PREPROCESSOR_DEFINITIONS = (
					"DEBUG=1",
					"$(inherited)",
				);
				GCC_WARN_64_TO_32_BIT_CONVERSION = YES;
				GCC_WARN_ABOUT_RETURN_TYPE = YES_ERROR;
				GCC_WARN_UNDECLARED_SELECTOR = YES;
				GCC_WARN_UNINITIALIZED_AUTOS = YES_AGGRESSIVE;
				GCC_WARN_UNUSED_FUNCTION = YES;
				GCC_WARN_UNUSED_VARIABLE = YES;
				IPHONEOS_DEPLOYMENT_TARGET = 12.2;
				MTL_ENABLE_DEBUG_INFO = INCLUDE_SOURCE;
				MTL_FAST_MATH = YES;
				ONLY_ACTIVE_ARCH = YES;
				SDKROOT = iphoneos;
			};
			name = Debug;
		};
		C607867D22D3510200D810FF /* Release */ = {
			isa = XCBuildConfiguration;
			buildSettings = {
				ALWAYS_SEARCH_USER_PATHS = NO;
				CLANG_ANALYZER_NONNULL = YES;
				CLANG_ANALYZER_NUMBER_OBJECT_CONVERSION = YES_AGGRESSIVE;
				CLANG_CXX_LANGUAGE_STANDARD = "gnu++14";
				CLANG_CXX_LIBRARY = "libc++";
				CLANG_ENABLE_MODULES = YES;
				CLANG_ENABLE_OBJC_ARC = YES;
				CLANG_ENABLE_OBJC_WEAK = YES;
				CLANG_WARN_BLOCK_CAPTURE_AUTORELEASING = YES;
				CLANG_WARN_BOOL_CONVERSION = YES;
				CLANG_WARN_COMMA = YES;
				CLANG_WARN_CONSTANT_CONVERSION = YES;
				CLANG_WARN_DEPRECATED_OBJC_IMPLEMENTATIONS = YES;
				CLANG_WARN_DIRECT_OBJC_ISA_USAGE = YES_ERROR;
				CLANG_WARN_DOCUMENTATION_COMMENTS = YES;
				CLANG_WARN_EMPTY_BODY = YES;
				CLANG_WARN_ENUM_CONVERSION = YES;
				CLANG_WARN_INFINITE_RECURSION = YES;
				CLANG_WARN_INT_CONVERSION = YES;
				CLANG_WARN_NON_LITERAL_NULL_CONVERSION = YES;
				CLANG_WARN_OBJC_IMPLICIT_RETAIN_SELF = YES;
				CLANG_WARN_OBJC_LITERAL_CONVERSION = YES;
				CLANG_WARN_OBJC_ROOT_CLASS = YES_ERROR;
				CLANG_WARN_RANGE_LOOP_ANALYSIS = YES;
				CLANG_WARN_STRICT_PROTOTYPES = YES;
				CLANG_WARN_SUSPICIOUS_MOVE = YES;
				CLANG_WARN_UNGUARDED_AVAILABILITY = YES_AGGRESSIVE;
				CLANG_WARN_UNREACHABLE_CODE = YES;
				CLANG_WARN__DUPLICATE_METHOD_MATCH = YES;
				CODE_SIGN_IDENTITY = "iPhone Developer";
				COPY_PHASE_STRIP = NO;
				DEBUG_INFORMATION_FORMAT = "dwarf-with-dsym";
				ENABLE_NS_ASSERTIONS = NO;
				ENABLE_STRICT_OBJC_MSGSEND = YES;
				GCC_C_LANGUAGE_STANDARD = gnu11;
				GCC_NO_COMMON_BLOCKS = YES;
				GCC_WARN_64_TO_32_BIT_CONVERSION = YES;
				GCC_WARN_ABOUT_RETURN_TYPE = YES_ERROR;
				GCC_WARN_UNDECLARED_SELECTOR = YES;
				GCC_WARN_UNINITIALIZED_AUTOS = YES_AGGRESSIVE;
				GCC_WARN_UNUSED_FUNCTION = YES;
				GCC_WARN_UNUSED_VARIABLE = YES;
				IPHONEOS_DEPLOYMENT_TARGET = 12.2;
				MTL_ENABLE_DEBUG_INFO = NO;
				MTL_FAST_MATH = YES;
				SDKROOT = iphoneos;
				VALIDATE_PRODUCT = YES;
			};
			name = Release;
		};
		C607867F22D3510200D810FF /* Debug */ = {
			isa = XCBuildConfiguration;
			buildSettings = {
				ASSETCATALOG_COMPILER_APPICON_NAME = AppIcon;
				CODE_SIGN_STYLE = Automatic;
				DEVELOPMENT_TEAM = H73R3QG9UL;
				INFOPLIST_FILE = MethodChange/Info.plist;
				LD_RUNPATH_SEARCH_PATHS = (
					"$(inherited)",
					"@executable_path/Frameworks",
				);
				PRODUCT_BUNDLE_IDENTIFIER = com.WingChing.Inc.MethodChange;
				PRODUCT_NAME = "$(TARGET_NAME)";
				TARGETED_DEVICE_FAMILY = "1,2";
			};
			name = Debug;
		};
		C607868022D3510200D810FF /* Release */ = {
			isa = XCBuildConfiguration;
			buildSettings = {
				ASSETCATALOG_COMPILER_APPICON_NAME = AppIcon;
				CODE_SIGN_STYLE = Automatic;
				DEVELOPMENT_TEAM = H73R3QG9UL;
				INFOPLIST_FILE = MethodChange/Info.plist;
				LD_RUNPATH_SEARCH_PATHS = (
					"$(inherited)",
					"@executable_path/Frameworks",
				);
				PRODUCT_BUNDLE_IDENTIFIER = com.WingChing.Inc.MethodChange;
				PRODUCT_NAME = "$(TARGET_NAME)";
				TARGETED_DEVICE_FAMILY = "1,2";
			};
			name = Release;
		};
/* End XCBuildConfiguration section */

/* Begin XCConfigurationList section */
		C607866322D3510100D810FF /* Build configuration list for PBXProject "MethodChange" */ = {
			isa = XCConfigurationList;
			buildConfigurations = (
				C607867C22D3510200D810FF /* Debug */,
				C607867D22D3510200D810FF /* Release */,
			);
			defaultConfigurationIsVisible = 0;
			defaultConfigurationName = Release;
		};
		C607867E22D3510200D810FF /* Build configuration list for PBXNativeTarget "MethodChange" */ = {
			isa = XCConfigurationList;
			buildConfigurations = (
				C607867F22D3510200D810FF /* Debug */,
				C607868022D3510200D810FF /* Release */,
			);
			defaultConfigurationIsVisible = 0;
			defaultConfigurationName = Release;
		};
/* End XCConfigurationList section */
	};
	rootObject = C607866022D3510100D810FF /* Project object */;
}
