// !$*UTF8*$!
{
	archiveVersion = 1;
	classes = {
	};
	objectVersion = 50;
	objects = {

/* Begin PBXBuildFile section */
		45238A4221F959270092D9CF /* AppDelegate.swift in Sources */ = {isa = PBXBuildFile; fileRef = 45238A4121F959270092D9CF /* AppDelegate.swift */; };
		45238A4421F959270092D9CF /* ViewController.swift in Sources */ = {isa = PBXBuildFile; fileRef = 45238A4321F959270092D9CF /* ViewController.swift */; };
		45238A4721F959270092D9CF /* Main.storyboard in Resources */ = {isa = PBXBuildFile; fileRef = 45238A4521F959270092D9CF /* Main.storyboard */; };
		45238A4921F959280092D9CF /* Assets.xcassets in Resources */ = {isa = PBXBuildFile; fileRef = 45238A4821F959280092D9CF /* Assets.xcassets */; };
		45238A4C21F959280092D9CF /* LaunchScreen.storyboard in Resources */ = {isa = PBXBuildFile; fileRef = 45238A4A21F959280092D9CF /* LaunchScreen.storyboard */; };
/* End PBXBuildFile section */

/* Begin PBXFileReference section */
		45238A3E21F959270092D9CF /* 如何使用Core Graphics绘制正方形：addRect（.app */ = {isa = PBXFileReference; explicitFileType = wrapper.application; includeInIndex = 0; path = "如何使用Core Graphics绘制正方形：addRect（.app"; sourceTree = BUILT_PRODUCTS_DIR; };
		45238A4121F959270092D9CF /* AppDelegate.swift */ = {isa = PBXFileReference; lastKnownFileType = sourcecode.swift; path = AppDelegate.swift; sourceTree = "<group>"; };
		45238A4321F959270092D9CF /* ViewController.swift */ = {isa = PBXFileReference; lastKnownFileType = sourcecode.swift; path = ViewController.swift; sourceTree = "<group>"; };
		45238A4621F959270092D9CF /* Base */ = {isa = PBXFileReference; lastKnownFileType = file.storyboard; name = Base; path = Base.lproj/Main.storyboard; sourceTree = "<group>"; };
		45238A4821F959280092D9CF /* Assets.xcassets */ = {isa = PBXFileReference; lastKnownFileType = folder.assetcatalog; path = Assets.xcassets; sourceTree = "<group>"; };
		45238A4B21F959280092D9CF /* Base */ = {isa = PBXFileReference; lastKnownFileType = file.storyboard; name = Base; path = Base.lproj/LaunchScreen.storyboard; sourceTree = "<group>"; };
		45238A4D21F959280092D9CF /* Info.plist */ = {isa = PBXFileReference; lastKnownFileType = text.plist.xml; path = Info.plist; sourceTree = "<group>"; };
/* End PBXFileReference section */

/* Begin PBXFrameworksBuildPhase section */
		45238A3B21F959270092D9CF /* Frameworks */ = {
			isa = PBXFrameworksBuildPhase;
			buildActionMask = 2147483647;
			files = (
			);
			runOnlyForDeploymentPostprocessing = 0;
		};
/* End PBXFrameworksBuildPhase section */

/* Begin PBXGroup section */
		45238A3521F959270092D9CF = {
			isa = PBXGroup;
			children = (
				45238A4021F959270092D9CF /* 如何使用Core Graphics绘制正方形：addRect（ */,
				45238A3F21F959270092D9CF /* Products */,
			);
			sourceTree = "<group>";
		};
		45238A3F21F959270092D9CF /* Products */ = {
			isa = PBXGroup;
			children = (
				45238A3E21F959270092D9CF /* 如何使用Core Graphics绘制正方形：addRect（.app */,
			);
			name = Products;
			sourceTree = "<group>";
		};
		45238A4021F959270092D9CF /* 如何使用Core Graphics绘制正方形：addRect（ */ = {
			isa = PBXGroup;
			children = (
				45238A4121F959270092D9CF /* AppDelegate.swift */,
				45238A4321F959270092D9CF /* ViewController.swift */,
				45238A4521F959270092D9CF /* Main.storyboard */,
				45238A4821F959280092D9CF /* Assets.xcassets */,
				45238A4A21F959280092D9CF /* LaunchScreen.storyboard */,
				45238A4D21F959280092D9CF /* Info.plist */,
			);
			path = "如何使用Core Graphics绘制正方形：addRect（";
			sourceTree = "<group>";
		};
/* End PBXGroup section */

/* Begin PBXNativeTarget section */
		45238A3D21F959270092D9CF /* 如何使用Core Graphics绘制正方形：addRect（ */ = {
			isa = PBXNativeTarget;
			buildConfigurationList = 45238A5021F959280092D9CF /* Build configuration list for PBXNativeTarget "如何使用Core Graphics绘制正方形：addRect（" */;
			buildPhases = (
				45238A3A21F959270092D9CF /* Sources */,
				45238A3B21F959270092D9CF /* Frameworks */,
				45238A3C21F959270092D9CF /* Resources */,
			);
			buildRules = (
			);
			dependencies = (
			);
			name = "如何使用Core Graphics绘制正方形：addRect（";
			productName = "如何使用Core Graphics绘制正方形：addRect（";
			productReference = 45238A3E21F959270092D9CF /* 如何使用Core Graphics绘制正方形：addRect（.app */;
			productType = "com.apple.product-type.application";
		};
/* End PBXNativeTarget section */

/* Begin PBXProject section */
		45238A3621F959270092D9CF /* Project object */ = {
			isa = PBXProject;
			attributes = {
				LastSwiftUpdateCheck = 1010;
				LastUpgradeCheck = 1010;
				ORGANIZATIONNAME = hs;
				TargetAttributes = {
					45238A3D21F959270092D9CF = {
						CreatedOnToolsVersion = 10.1;
					};
				};
			};
			buildConfigurationList = 45238A3921F959270092D9CF /* Build configuration list for PBXProject "如何使用Core Graphics绘制正方形：addRect（" */;
			compatibilityVersion = "Xcode 9.3";
			developmentRegion = en;
			hasScannedForEncodings = 0;
			knownRegions = (
				en,
				Base,
			);
			mainGroup = 45238A3521F959270092D9CF;
			productRefGroup = 45238A3F21F959270092D9CF /* Products */;
			projectDirPath = "";
			projectRoot = "";
			targets = (
				45238A3D21F959270092D9CF /* 如何使用Core Graphics绘制正方形：addRect（ */,
			);
		};
/* End PBXProject section */

/* Begin PBXResourcesBuildPhase section */
		45238A3C21F959270092D9CF /* Resources */ = {
			isa = PBXResourcesBuildPhase;
			buildActionMask = 2147483647;
			files = (
				45238A4C21F959280092D9CF /* LaunchScreen.storyboard in Resources */,
				45238A4921F959280092D9CF /* Assets.xcassets in Resources */,
				45238A4721F959270092D9CF /* Main.storyboard in Resources */,
			);
			runOnlyForDeploymentPostprocessing = 0;
		};
/* End PBXResourcesBuildPhase section */

/* Begin PBXSourcesBuildPhase section */
		45238A3A21F959270092D9CF /* Sources */ = {
			isa = PBXSourcesBuildPhase;
			buildActionMask = 2147483647;
			files = (
				45238A4421F959270092D9CF /* ViewController.swift in Sources */,
				45238A4221F959270092D9CF /* AppDelegate.swift in Sources */,
			);
			runOnlyForDeploymentPostprocessing = 0;
		};
/* End PBXSourcesBuildPhase section */

/* Begin PBXVariantGroup section */
		45238A4521F959270092D9CF /* Main.storyboard */ = {
			isa = PBXVariantGroup;
			children = (
				45238A4621F959270092D9CF /* Base */,
			);
			name = Main.storyboard;
			sourceTree = "<group>";
		};
		45238A4A21F959280092D9CF /* LaunchScreen.storyboard */ = {
			isa = PBXVariantGroup;
			children = (
				45238A4B21F959280092D9CF /* Base */,
			);
			name = LaunchScreen.storyboard;
			sourceTree = "<group>";
		};
/* End PBXVariantGroup section */

/* Begin XCBuildConfiguration section */
		45238A4E21F959280092D9CF /* Debug */ = {
			isa = XCBuildConfiguration;
			buildSettings = {
				ALWAYS_SEARCH_USER_PATHS = NO;
				CLANG_ANALYZER_NONNULL = YES;
				CLANG_ANALYZER_NUMBER_OBJECT_CONVERSION = YES_AGGRESSIVE;
				CLANG_CXX_LANGUAGE_STANDARD = "gnu++14";
				CLANG_CXX_LIBRARY = "libc++";
				CLANG_ENABLE_MODULES = YES;
				CLANG_ENABLE_OBJC_ARC = YES;
				CLANG_ENABLE_OBJC_WEAK = YES;
				CLANG_WARN_BLOCK_CAPTURE_AUTORELEASING = YES;
				CLANG_WARN_BOOL_CONVERSION = YES;
				CLANG_WARN_COMMA = YES;
				CLANG_WARN_CONSTANT_CONVERSION = YES;
				CLANG_WARN_DEPRECATED_OBJC_IMPLEMENTATIONS = YES;
				CLANG_WARN_DIRECT_OBJC_ISA_USAGE = YES_ERROR;
				CLANG_WARN_DOCUMENTATION_COMMENTS = YES;
				CLANG_WARN_EMPTY_BODY = YES;
				CLANG_WARN_ENUM_CONVERSION = YES;
				CLANG_WARN_INFINITE_RECURSION = YES;
				CLANG_WARN_INT_CONVERSION = YES;
				CLANG_WARN_NON_LITERAL_NULL_CONVERSION = YES;
				CLANG_WARN_OBJC_IMPLICIT_RETAIN_SELF = YES;
				CLANG_WARN_OBJC_LITERAL_CONVERSION = YES;
				CLANG_WARN_OBJC_ROOT_CLASS = YES_ERROR;
				CLANG_WARN_RANGE_LOOP_ANALYSIS = YES;
				CLANG_WARN_STRICT_PROTOTYPES = YES;
				CLANG_WARN_SUSPICIOUS_MOVE = YES;
				CLANG_WARN_UNGUARDED_AVAILABILITY = YES_AGGRESSIVE;
				CLANG_WARN_UNREACHABLE_CODE = YES;
				CLANG_WARN__DUPLICATE_METHOD_MATCH = YES;
				CODE_SIGN_IDENTITY = "iPhone Developer";
				COPY_PHASE_STRIP = NO;
				DEBUG_INFORMATION_FORMAT = dwarf;
				ENABLE_STRICT_OBJC_MSGSEND = YES;
				ENABLE_TESTABILITY = YES;
				GCC_C_LANGUAGE_STANDARD = gnu11;
				GCC_DYNAMIC_NO_PIC = NO;
				GCC_NO_COMMON_BLOCKS = YES;
				GCC_OPTIMIZATION_LEVEL = 0;
				GCC_PREPROCESSOR_DEFINITIONS = (
					"DEBUG=1",
					"$(inherited)",
				);
				GCC_WARN_64_TO_32_BIT_CONVERSION = YES;
				GCC_WARN_ABOUT_RETURN_TYPE = YES_ERROR;
				GCC_WARN_UNDECLARED_SELECTOR = YES;
				GCC_WARN_UNINITIALIZED_AUTOS = YES_AGGRESSIVE;
				GCC_WARN_UNUSED_FUNCTION = YES;
				GCC_WARN_UNUSED_VARIABLE = YES;
				IPHONEOS_DEPLOYMENT_TARGET = 12.1;
				MTL_ENABLE_DEBUG_INFO = INCLUDE_SOURCE;
				MTL_FAST_MATH = YES;
				ONLY_ACTIVE_ARCH = YES;
				SDKROOT = iphoneos;
				SWIFT_ACTIVE_COMPILATION_CONDITIONS = DEBUG;
				SWIFT_OPTIMIZATION_LEVEL = "-Onone";
			};
			name = Debug;
		};
		45238A4F21F959280092D9CF /* Release */ = {
			isa = XCBuildConfiguration;
			buildSettings = {
				ALWAYS_SEARCH_USER_PATHS = NO;
				CLANG_ANALYZER_NONNULL = YES;
				CLANG_ANALYZER_NUMBER_OBJECT_CONVERSION = YES_AGGRESSIVE;
				CLANG_CXX_LANGUAGE_STANDARD = "gnu++14";
				CLANG_CXX_LIBRARY = "libc++";
				CLANG_ENABLE_MODULES = YES;
				CLANG_ENABLE_OBJC_ARC = YES;
				CLANG_ENABLE_OBJC_WEAK = YES;
				CLANG_WARN_BLOCK_CAPTURE_AUTORELEASING = YES;
				CLANG_WARN_BOOL_CONVERSION = YES;
				CLANG_WARN_COMMA = YES;
				CLANG_WARN_CONSTANT_CONVERSION = YES;
				CLANG_WARN_DEPRECATED_OBJC_IMPLEMENTATIONS = YES;
				CLANG_WARN_DIRECT_OBJC_ISA_USAGE = YES_ERROR;
				CLANG_WARN_DOCUMENTATION_COMMENTS = YES;
				CLANG_WARN_EMPTY_BODY = YES;
				CLANG_WARN_ENUM_CONVERSION = YES;
				CLANG_WARN_INFINITE_RECURSION = YES;
				CLANG_WARN_INT_CONVERSION = YES;
				CLANG_WARN_NON_LITERAL_NULL_CONVERSION = YES;
				CLANG_WARN_OBJC_IMPLICIT_RETAIN_SELF = YES;
				CLANG_WARN_OBJC_LITERAL_CONVERSION = YES;
				CLANG_WARN_OBJC_ROOT_CLASS = YES_ERROR;
				CLANG_WARN_RANGE_LOOP_ANALYSIS = YES;
				CLANG_WARN_STRICT_PROTOTYPES = YES;
				CLANG_WARN_SUSPICIOUS_MOVE = YES;
				CLANG_WARN_UNGUARDED_AVAILABILITY = YES_AGGRESSIVE;
				CLANG_WARN_UNREACHABLE_CODE = YES;
				CLANG_WARN__DUPLICATE_METHOD_MATCH = YES;
				CODE_SIGN_IDENTITY = "iPhone Developer";
				COPY_PHASE_STRIP = NO;
				DEBUG_INFORMATION_FORMAT = "dwarf-with-dsym";
				ENABLE_NS_ASSERTIONS = NO;
				ENABLE_STRICT_OBJC_MSGSEND = YES;
				GCC_C_LANGUAGE_STANDARD = gnu11;
				GCC_NO_COMMON_BLOCKS = YES;
				GCC_WARN_64_TO_32_BIT_CONVERSION = YES;
				GCC_WARN_ABOUT_RETURN_TYPE = YES_ERROR;
				GCC_WARN_UNDECLARED_SELECTOR = YES;
				GCC_WARN_UNINITIALIZED_AUTOS = YES_AGGRESSIVE;
				GCC_WARN_UNUSED_FUNCTION = YES;
				GCC_WARN_UNUSED_VARIABLE = YES;
				IPHONEOS_DEPLOYMENT_TARGET = 12.1;
				MTL_ENABLE_DEBUG_INFO = NO;
				MTL_FAST_MATH = YES;
				SDKROOT = iphoneos;
				SWIFT_COMPILATION_MODE = wholemodule;
				SWIFT_OPTIMIZATION_LEVEL = "-O";
				VALIDATE_PRODUCT = YES;
			};
			name = Release;
		};
		45238A5121F959280092D9CF /* Debug */ = {
			isa = XCBuildConfiguration;
			buildSettings = {
				ASSETCATALOG_COMPILER_APPICON_NAME = AppIcon;
				CODE_SIGN_STYLE = Automatic;
				DEVELOPMENT_TEAM = 52KNX9VH9H;
				INFOPLIST_FILE = "如何使用Core Graphics绘制正方形：addRect（/Info.plist";
				LD_RUNPATH_SEARCH_PATHS = (
					"$(inherited)",
					"@executable_path/Frameworks",
				);
				PRODUCT_BUNDLE_IDENTIFIER = "hs.blockchain.----Core-Graphics------addRect-";
				PRODUCT_NAME = "$(TARGET_NAME)";
				SWIFT_VERSION = 4.2;
				TARGETED_DEVICE_FAMILY = "1,2";
			};
			name = Debug;
		};
		45238A5221F959280092D9CF /* Release */ = {
			isa = XCBuildConfiguration;
			buildSettings = {
				ASSETCATALOG_COMPILER_APPICON_NAME = AppIcon;
				CODE_SIGN_STYLE = Automatic;
				DEVELOPMENT_TEAM = 52KNX9VH9H;
				INFOPLIST_FILE = "如何使用Core Graphics绘制正方形：addRect（/Info.plist";
				LD_RUNPATH_SEARCH_PATHS = (
					"$(inherited)",
					"@executable_path/Frameworks",
				);
				PRODUCT_BUNDLE_IDENTIFIER = "hs.blockchain.----Core-Graphics------addRect-";
				PRODUCT_NAME = "$(TARGET_NAME)";
				SWIFT_VERSION = 4.2;
				TARGETED_DEVICE_FAMILY = "1,2";
			};
			name = Release;
		};
/* End XCBuildConfiguration section */

/* Begin XCConfigurationList section */
		45238A3921F959270092D9CF /* Build configuration list for PBXProject "如何使用Core Graphics绘制正方形：addRect（" */ = {
			isa = XCConfigurationList;
			buildConfigurations = (
				45238A4E21F959280092D9CF /* Debug */,
				45238A4F21F959280092D9CF /* Release */,
			);
			defaultConfigurationIsVisible = 0;
			defaultConfigurationName = Release;
		};
		45238A5021F959280092D9CF /* Build configuration list for PBXNativeTarget "如何使用Core Graphics绘制正方形：addRect（" */ = {
			isa = XCConfigurationList;
			buildConfigurations = (
				45238A5121F959280092D9CF /* Debug */,
				45238A5221F959280092D9CF /* Release */,
			);
			defaultConfigurationIsVisible = 0;
			defaultConfigurationName = Release;
		};
/* End XCConfigurationList section */
	};
	rootObject = 45238A3621F959270092D9CF /* Project object */;
}
